
Microsoft Visual Studio Solution File, Format Version 12.00
# Visual Studio 2013
VisualStudioVersion = 12.0.30501.0
MinimumVisualStudioVersion = 10.0.40219.1
Project("{8BC9CEB8-8B4A-11D0-8D11-00A0C91BC942}") = "OpenGLTemplate", "OpenGLTemplate\OpenGLTemplate.vcxproj", "{286745A6-546B-4747-AB5F-7B8A82DF0084}"
EndProject
Project("{2150E333-8FDC-42A3-9474-1A3956D46DE8}") = "Solution Items", "Solution Items", "{B034AD5F-83E2-4599-BCEC-893D8EE7E890}"
	ProjectSection(SolutionItems) = preProject
		shaders\fragmentShader.txt = shaders\fragmentShader.txt
		shaders\guiFragmentShader.txt = shaders\guiFragmentShader.txt
		shaders\guiVertexShader.txt = shaders\guiVertexShader.txt
		Performance1.psess = Performance1.psess
		shaders\terrainFragmentShader.txt = shaders\terrainFragmentShader.txt
		shaders\terrainVertexShader.txt = shaders\terrainVertexShader.txt
		shaders\vertexShader.txt = shaders\vertexShader.txt
	EndProjectSection
EndProject
Global
	GlobalSection(SolutionConfigurationPlatforms) = preSolution
		Debug|Win32 = Debug|Win32
		Release|Win32 = Release|Win32
	EndGlobalSection
	GlobalSection(ProjectConfigurationPlatforms) = postSolution
		{286745A6-546B-4747-AB5F-7B8A82DF0084}.Debug|Win32.ActiveCfg = Debug|Win32
		{286745A6-546B-4747-AB5F-7B8A82DF0084}.Debug|Win32.Build.0 = Debug|Win32
		{286745A6-546B-4747-AB5F-7B8A82DF0084}.Release|Win32.ActiveCfg = Release|Win32
		{286745A6-546B-4747-AB5F-7B8A82DF0084}.Release|Win32.Build.0 = Release|Win32
	EndGlobalSection
	GlobalSection(SolutionProperties) = preSolution
		HideSolutionNode = FALSE
	EndGlobalSection
EndGlobal
